
Microsoft Visual Studio Solution File, Format Version 12.00
# Visual Studio Version 16
VisualStudioVersion = 16.0.30503.244
MinimumVisualStudioVersion = 10.0.40219.1
Project("{FAE04EC0-301F-11D3-BF4B-00C04F79EFBC}") = "ProductionHoursLosses", "ProductionHoursLosses.csproj", "{C099D814-4D19-46DF-9621-CDD0C4527F76}"
EndProject
Global
	GlobalSection(SolutionConfigurationPlatforms) = preSolution
		Debug|Any CPU = Debug|Any CPU
		Release|Any CPU = Release|Any CPU
	EndGlobalSection
	GlobalSection(ProjectConfigurationPlatforms) = postSolution
		{C099D814-4D19-46DF-9621-CDD0C4527F76}.Debug|Any CPU.ActiveCfg = Debug|Any CPU
		{C099D814-4D19-46DF-9621-CDD0C4527F76}.Debug|Any CPU.Build.0 = Debug|Any CPU
		{C099D814-4D19-46DF-9621-CDD0C4527F76}.Release|Any CPU.ActiveCfg = Release|Any CPU
		{C099D814-4D19-46DF-9621-CDD0C4527F76}.Release|Any CPU.Build.0 = Release|Any CPU
	EndGlobalSection
	GlobalSection(SolutionProperties) = preSolution
		HideSolutionNode = FALSE
	EndGlobalSection
	GlobalSection(ExtensibilityGlobals) = postSolution
		SolutionGuid = {16315716-4E74-445C-8BC0-ACF3D785CE42}
	EndGlobalSection
EndGlobal
